
Microsoft Visual Studio Solution File, Format Version 12.00
# Visual Studio 14
VisualStudioVersion = 14.0.25420.1
MinimumVisualStudioVersion = 10.0.40219.1
Project("{FAE04EC0-301F-11D3-BF4B-00C04F79EFBC}") = "WallSwitch", "WallSwitch\WallSwitch.csproj", "{258A45C4-2116-4522-BE10-1CAC045ED338}"
	ProjectSection(ProjectDependencies) = postProject
		{BE06C925-2EDD-419F-9655-3EF6BE49C809} = {BE06C925-2EDD-419F-9655-3EF6BE49C809}
		{2948A747-047F-4F6F-8F14-0B07358ABF81} = {2948A747-047F-4F6F-8F14-0B07358ABF81}
	EndProjectSection
EndProject
Project("{8BC9CEB8-8B4A-11D0-8D11-00A0C91BC942}") = "WallSwitchImgProc", "WallSwitchImgProc\WallSwitchImgProc.vcxproj", "{FA6A314B-EC69-4651-8041-D966486FED98}"
EndProject
Project("{FAE04EC0-301F-11D3-BF4B-00C04F79EFBC}") = "WallSwitch.WidgetInterface", "WidgetInterface\WallSwitch.WidgetInterface.csproj", "{BE06C925-2EDD-419F-9655-3EF6BE49C809}"
EndProject
Project("{FAE04EC0-301F-11D3-BF4B-00C04F79EFBC}") = "WallSwitchWidgets", "WallSwitchWidgets\WallSwitchWidgets.csproj", "{2948A747-047F-4F6F-8F14-0B07358ABF81}"
EndProject
Project("{930C7802-8A8C-48F9-8165-68863BCCD9DD}") = "WallSwitchSetup", "WallSwitchSetup\WallSwitchSetup.wixproj", "{7FE31F6C-94C6-4874-AB11-F7A7B7A18EA7}"
	ProjectSection(ProjectDependencies) = postProject
		{BE06C925-2EDD-419F-9655-3EF6BE49C809} = {BE06C925-2EDD-419F-9655-3EF6BE49C809}
		{2948A747-047F-4F6F-8F14-0B07358ABF81} = {2948A747-047F-4F6F-8F14-0B07358ABF81}
		{FA6A314B-EC69-4651-8041-D966486FED98} = {FA6A314B-EC69-4651-8041-D966486FED98}
		{258A45C4-2116-4522-BE10-1CAC045ED338} = {258A45C4-2116-4522-BE10-1CAC045ED338}
	EndProjectSection
EndProject
Project("{2150E333-8FDC-42A3-9474-1A3956D46DE8}") = "Solution Items", "Solution Items", "{43F3B861-FFE2-4F02-89A0-04604FC1F67C}"
	ProjectSection(SolutionItems) = preProject
		License.rtf = License.rtf
		ReadMe.txt = ReadMe.txt
	EndProjectSection
EndProject
Global
	GlobalSection(SolutionConfigurationPlatforms) = preSolution
		Debug|Any CPU = Debug|Any CPU
		Debug|Mixed Platforms = Debug|Mixed Platforms
		Debug|Win32 = Debug|Win32
		Debug|x86 = Debug|x86
		Release|Any CPU = Release|Any CPU
		Release|Mixed Platforms = Release|Mixed Platforms
		Release|Win32 = Release|Win32
		Release|x86 = Release|x86
	EndGlobalSection
	GlobalSection(ProjectConfigurationPlatforms) = postSolution
		{258A45C4-2116-4522-BE10-1CAC045ED338}.Debug|Any CPU.ActiveCfg = Debug|x86
		{258A45C4-2116-4522-BE10-1CAC045ED338}.Debug|Mixed Platforms.ActiveCfg = Debug|x86
		{258A45C4-2116-4522-BE10-1CAC045ED338}.Debug|Mixed Platforms.Build.0 = Debug|x86
		{258A45C4-2116-4522-BE10-1CAC045ED338}.Debug|Win32.ActiveCfg = Debug|x86
		{258A45C4-2116-4522-BE10-1CAC045ED338}.Debug|x86.ActiveCfg = Debug|x86
		{258A45C4-2116-4522-BE10-1CAC045ED338}.Debug|x86.Build.0 = Debug|x86
		{258A45C4-2116-4522-BE10-1CAC045ED338}.Release|Any CPU.ActiveCfg = Release|x86
		{258A45C4-2116-4522-BE10-1CAC045ED338}.Release|Mixed Platforms.ActiveCfg = Release|x86
		{258A45C4-2116-4522-BE10-1CAC045ED338}.Release|Mixed Platforms.Build.0 = Release|x86
		{258A45C4-2116-4522-BE10-1CAC045ED338}.Release|Win32.ActiveCfg = Release|x86
		{258A45C4-2116-4522-BE10-1CAC045ED338}.Release|x86.ActiveCfg = Release|x86
		{258A45C4-2116-4522-BE10-1CAC045ED338}.Release|x86.Build.0 = Release|x86
		{FA6A314B-EC69-4651-8041-D966486FED98}.Debug|Any CPU.ActiveCfg = Debug|Win32
		{FA6A314B-EC69-4651-8041-D966486FED98}.Debug|Mixed Platforms.ActiveCfg = Debug|Win32
		{FA6A314B-EC69-4651-8041-D966486FED98}.Debug|Mixed Platforms.Build.0 = Debug|Win32
		{FA6A314B-EC69-4651-8041-D966486FED98}.Debug|Win32.ActiveCfg = Debug|Win32
		{FA6A314B-EC69-4651-8041-D966486FED98}.Debug|Win32.Build.0 = Debug|Win32
		{FA6A314B-EC69-4651-8041-D966486FED98}.Debug|x86.ActiveCfg = Debug|Win32
		{FA6A314B-EC69-4651-8041-D966486FED98}.Release|Any CPU.ActiveCfg = Release|Win32
		{FA6A314B-EC69-4651-8041-D966486FED98}.Release|Mixed Platforms.ActiveCfg = Release|Win32
		{FA6A314B-EC69-4651-8041-D966486FED98}.Release|Mixed Platforms.Build.0 = Release|Win32
		{FA6A314B-EC69-4651-8041-D966486FED98}.Release|Win32.ActiveCfg = Release|Win32
		{FA6A314B-EC69-4651-8041-D966486FED98}.Release|Win32.Build.0 = Release|Win32
		{FA6A314B-EC69-4651-8041-D966486FED98}.Release|x86.ActiveCfg = Release|Win32
		{BE06C925-2EDD-419F-9655-3EF6BE49C809}.Debug|Any CPU.ActiveCfg = Debug|Any CPU
		{BE06C925-2EDD-419F-9655-3EF6BE49C809}.Debug|Any CPU.Build.0 = Debug|Any CPU
		{BE06C925-2EDD-419F-9655-3EF6BE49C809}.Debug|Mixed Platforms.ActiveCfg = Debug|Any CPU
		{BE06C925-2EDD-419F-9655-3EF6BE49C809}.Debug|Mixed Platforms.Build.0 = Debug|Any CPU
		{BE06C925-2EDD-419F-9655-3EF6BE49C809}.Debug|Win32.ActiveCfg = Debug|Any CPU
		{BE06C925-2EDD-419F-9655-3EF6BE49C809}.Debug|x86.ActiveCfg = Debug|Any CPU
		{BE06C925-2EDD-419F-9655-3EF6BE49C809}.Release|Any CPU.ActiveCfg = Release|Any CPU
		{BE06C925-2EDD-419F-9655-3EF6BE49C809}.Release|Any CPU.Build.0 = Release|Any CPU
		{BE06C925-2EDD-419F-9655-3EF6BE49C809}.Release|Mixed Platforms.ActiveCfg = Release|Any CPU
		{BE06C925-2EDD-419F-9655-3EF6BE49C809}.Release|Mixed Platforms.Build.0 = Release|Any CPU
		{BE06C925-2EDD-419F-9655-3EF6BE49C809}.Release|Win32.ActiveCfg = Release|Any CPU
		{BE06C925-2EDD-419F-9655-3EF6BE49C809}.Release|x86.ActiveCfg = Release|Any CPU
		{2948A747-047F-4F6F-8F14-0B07358ABF81}.Debug|Any CPU.ActiveCfg = Debug|Any CPU
		{2948A747-047F-4F6F-8F14-0B07358ABF81}.Debug|Any CPU.Build.0 = Debug|Any CPU
		{2948A747-047F-4F6F-8F14-0B07358ABF81}.Debug|Mixed Platforms.ActiveCfg = Debug|Any CPU
		{2948A747-047F-4F6F-8F14-0B07358ABF81}.Debug|Mixed Platforms.Build.0 = Debug|Any CPU
		{2948A747-047F-4F6F-8F14-0B07358ABF81}.Debug|Win32.ActiveCfg = Debug|Any CPU
		{2948A747-047F-4F6F-8F14-0B07358ABF81}.Debug|x86.ActiveCfg = Debug|Any CPU
		{2948A747-047F-4F6F-8F14-0B07358ABF81}.Release|Any CPU.ActiveCfg = Release|Any CPU
		{2948A747-047F-4F6F-8F14-0B07358ABF81}.Release|Any CPU.Build.0 = Release|Any CPU
		{2948A747-047F-4F6F-8F14-0B07358ABF81}.Release|Mixed Platforms.ActiveCfg = Release|Any CPU
		{2948A747-047F-4F6F-8F14-0B07358ABF81}.Release|Mixed Platforms.Build.0 = Release|Any CPU
		{2948A747-047F-4F6F-8F14-0B07358ABF81}.Release|Win32.ActiveCfg = Release|Any CPU
		{2948A747-047F-4F6F-8F14-0B07358ABF81}.Release|x86.ActiveCfg = Release|Any CPU
		{7FE31F6C-94C6-4874-AB11-F7A7B7A18EA7}.Debug|Any CPU.ActiveCfg = Debug|x86
		{7FE31F6C-94C6-4874-AB11-F7A7B7A18EA7}.Debug|Mixed Platforms.ActiveCfg = Debug|x86
		{7FE31F6C-94C6-4874-AB11-F7A7B7A18EA7}.Debug|Win32.ActiveCfg = Debug|x86
		{7FE31F6C-94C6-4874-AB11-F7A7B7A18EA7}.Debug|Win32.Build.0 = Debug|x86
		{7FE31F6C-94C6-4874-AB11-F7A7B7A18EA7}.Debug|x86.ActiveCfg = Debug|x86
		{7FE31F6C-94C6-4874-AB11-F7A7B7A18EA7}.Debug|x86.Build.0 = Debug|x86
		{7FE31F6C-94C6-4874-AB11-F7A7B7A18EA7}.Release|Any CPU.ActiveCfg = Release|x86
		{7FE31F6C-94C6-4874-AB11-F7A7B7A18EA7}.Release|Mixed Platforms.ActiveCfg = Release|x86
		{7FE31F6C-94C6-4874-AB11-F7A7B7A18EA7}.Release|Mixed Platforms.Build.0 = Release|x86
		{7FE31F6C-94C6-4874-AB11-F7A7B7A18EA7}.Release|Win32.ActiveCfg = Release|x86
		{7FE31F6C-94C6-4874-AB11-F7A7B7A18EA7}.Release|Win32.Build.0 = Release|x86
		{7FE31F6C-94C6-4874-AB11-F7A7B7A18EA7}.Release|x86.ActiveCfg = Release|x86
		{7FE31F6C-94C6-4874-AB11-F7A7B7A18EA7}.Release|x86.Build.0 = Release|x86
	EndGlobalSection
	GlobalSection(SolutionProperties) = preSolution
		HideSolutionNode = FALSE
	EndGlobalSection
EndGlobal
